
Microsoft Visual Studio Solution File, Format Version 12.00
# Visual Studio 2013
Project("{FAE04EC0-301F-11D3-BF4B-00C04F79EFBC}") = "Elve.CSharp.Plugins", "Elve.CSharp.Plugins.csproj", "{955148FD-7E43-D699-1A29-0F820E2C16D5}"
EndProject
Project("{FAE04EC0-301F-11D3-BF4B-00C04F79EFBC}") = "Elve.CSharp", "Elve.CSharp.csproj", "{49244235-53BF-7D03-0595-79432F8F6DD3}"
EndProject
Project("{FAE04EC0-301F-11D3-BF4B-00C04F79EFBC}") = "Elve.CSharp.Editor", "Elve.CSharp.Editor.csproj", "{EA28475D-4357-F4B1-973C-996E1F0B5386}"
EndProject
Global
	GlobalSection(SolutionConfigurationPlatforms) = preSolution
		Debug|Any CPU = Debug|Any CPU
		Release|Any CPU = Release|Any CPU
	EndGlobalSection
	GlobalSection(ProjectConfigurationPlatforms) = postSolution
		{955148FD-7E43-D699-1A29-0F820E2C16D5}.Debug|Any CPU.ActiveCfg = Debug|Any CPU
		{955148FD-7E43-D699-1A29-0F820E2C16D5}.Debug|Any CPU.Build.0 = Debug|Any CPU
		{955148FD-7E43-D699-1A29-0F820E2C16D5}.Release|Any CPU.ActiveCfg = Release|Any CPU
		{955148FD-7E43-D699-1A29-0F820E2C16D5}.Release|Any CPU.Build.0 = Release|Any CPU
		{49244235-53BF-7D03-0595-79432F8F6DD3}.Debug|Any CPU.ActiveCfg = Debug|Any CPU
		{49244235-53BF-7D03-0595-79432F8F6DD3}.Debug|Any CPU.Build.0 = Debug|Any CPU
		{49244235-53BF-7D03-0595-79432F8F6DD3}.Release|Any CPU.ActiveCfg = Release|Any CPU
		{49244235-53BF-7D03-0595-79432F8F6DD3}.Release|Any CPU.Build.0 = Release|Any CPU
		{EA28475D-4357-F4B1-973C-996E1F0B5386}.Debug|Any CPU.ActiveCfg = Debug|Any CPU
		{EA28475D-4357-F4B1-973C-996E1F0B5386}.Debug|Any CPU.Build.0 = Debug|Any CPU
		{EA28475D-4357-F4B1-973C-996E1F0B5386}.Release|Any CPU.ActiveCfg = Release|Any CPU
		{EA28475D-4357-F4B1-973C-996E1F0B5386}.Release|Any CPU.Build.0 = Release|Any CPU
	EndGlobalSection
	GlobalSection(SolutionProperties) = preSolution
		HideSolutionNode = FALSE
	EndGlobalSection
EndGlobal
